
Microsoft Visual Studio Solution File, Format Version 12.00
# Visual Studio Version 16
VisualStudioVersion = 16.0.30204.135
MinimumVisualStudioVersion = 10.0.40219.1
Project("{9A19103F-16F7-4668-BE54-9A1E7A4F7556}") = "wms-ide", "wms-side-api\wms-ide.csproj", "{7F125843-2317-4900-87A6-73AA6F2E4090}"
EndProject
Global
	GlobalSection(SolutionConfigurationPlatforms) = preSolution
		Debug|Any CPU = Debug|Any CPU
		Release|Any CPU = Release|Any CPU
	EndGlobalSection
	GlobalSection(ProjectConfigurationPlatforms) = postSolution
		{7F125843-2317-4900-87A6-73AA6F2E4090}.Debug|Any CPU.ActiveCfg = Debug|Any CPU
		{7F125843-2317-4900-87A6-73AA6F2E4090}.Debug|Any CPU.Build.0 = Debug|Any CPU
		{7F125843-2317-4900-87A6-73AA6F2E4090}.Release|Any CPU.ActiveCfg = Release|Any CPU
		{7F125843-2317-4900-87A6-73AA6F2E4090}.Release|Any CPU.Build.0 = Release|Any CPU
	EndGlobalSection
	GlobalSection(SolutionProperties) = preSolution
		HideSolutionNode = FALSE
	EndGlobalSection
	GlobalSection(ExtensibilityGlobals) = postSolution
		SolutionGuid = {57B93197-F8E8-4F7E-B16E-3E8973988EDD}
	EndGlobalSection
EndGlobal
